// !$*UTF8*$!
{
	archiveVersion = 1;
	classes = {
	};
	objectVersion = 55;
	objects = {

/* Begin PBXBuildFile section */
		6006FCD927A5BDFD00F14C97 /* AppDelegate.swift in Sources */ = {isa = PBXBuildFile; fileRef = 6006FCD827A5BDFD00F14C97 /* AppDelegate.swift */; };
		6006FCDB27A5BDFD00F14C97 /* SceneDelegate.swift in Sources */ = {isa = PBXBuildFile; fileRef = 6006FCDA27A5BDFD00F14C97 /* SceneDelegate.swift */; };
		6006FCE027A5BDFD00F14C97 /* Main.storyboard in Resources */ = {isa = PBXBuildFile; fileRef = 6006FCDE27A5BDFD00F14C97 /* Main.storyboard */; };
		6006FCE227A5BDFF00F14C97 /* Assets.xcassets in Resources */ = {isa = PBXBuildFile; fileRef = 6006FCE127A5BDFF00F14C97 /* Assets.xcassets */; };
		6006FCE527A5BDFF00F14C97 /* LaunchScreen.storyboard in Resources */ = {isa = PBXBuildFile; fileRef = 6006FCE327A5BDFF00F14C97 /* LaunchScreen.storyboard */; };
		6006FCF527A5BECE00F14C97 /* FavoritesPresenter.swift in Sources */ = {isa = PBXBuildFile; fileRef = 6006FCEF27A5BECE00F14C97 /* FavoritesPresenter.swift */; };
		6006FCF627A5BECE00F14C97 /* FavoritesRouter.swift in Sources */ = {isa = PBXBuildFile; fileRef = 6006FCF027A5BECE00F14C97 /* FavoritesRouter.swift */; };
		6006FCF727A5BECE00F14C97 /* FavoritesViewController.swift in Sources */ = {isa = PBXBuildFile; fileRef = 6006FCF127A5BECE00F14C97 /* FavoritesViewController.swift */; };
		6006FCF827A5BECE00F14C97 /* FavoritesProtocols.swift in Sources */ = {isa = PBXBuildFile; fileRef = 6006FCF227A5BECE00F14C97 /* FavoritesProtocols.swift */; };
		6006FCF927A5BECE00F14C97 /* FavoritesInteractor.swift in Sources */ = {isa = PBXBuildFile; fileRef = 6006FCF327A5BECE00F14C97 /* FavoritesInteractor.swift */; };
		6006FCFA27A5BECE00F14C97 /* FavoritesContainer.swift in Sources */ = {isa = PBXBuildFile; fileRef = 6006FCF427A5BECE00F14C97 /* FavoritesContainer.swift */; };
		6006FD0127A5BEDB00F14C97 /* PhotosPresenter.swift in Sources */ = {isa = PBXBuildFile; fileRef = 6006FCFB27A5BEDB00F14C97 /* PhotosPresenter.swift */; };
		6006FD0227A5BEDB00F14C97 /* PhotosRouter.swift in Sources */ = {isa = PBXBuildFile; fileRef = 6006FCFC27A5BEDB00F14C97 /* PhotosRouter.swift */; };
		6006FD0327A5BEDB00F14C97 /* PhotosViewController.swift in Sources */ = {isa = PBXBuildFile; fileRef = 6006FCFD27A5BEDB00F14C97 /* PhotosViewController.swift */; };
		6006FD0427A5BEDB00F14C97 /* PhotosProtocols.swift in Sources */ = {isa = PBXBuildFile; fileRef = 6006FCFE27A5BEDB00F14C97 /* PhotosProtocols.swift */; };
		6006FD0527A5BEDB00F14C97 /* PhotosInteractor.swift in Sources */ = {isa = PBXBuildFile; fileRef = 6006FCFF27A5BEDB00F14C97 /* PhotosInteractor.swift */; };
		6006FD0627A5BEDB00F14C97 /* PhotosContainer.swift in Sources */ = {isa = PBXBuildFile; fileRef = 6006FD0027A5BEDB00F14C97 /* PhotosContainer.swift */; };
		6006FD0E27A5BF0200F14C97 /* PhotoInfoPresenter.swift in Sources */ = {isa = PBXBuildFile; fileRef = 6006FD0827A5BF0200F14C97 /* PhotoInfoPresenter.swift */; };
		6006FD0F27A5BF0200F14C97 /* PhotoInfoRouter.swift in Sources */ = {isa = PBXBuildFile; fileRef = 6006FD0927A5BF0200F14C97 /* PhotoInfoRouter.swift */; };
		6006FD1027A5BF0200F14C97 /* PhotoInfoViewController.swift in Sources */ = {isa = PBXBuildFile; fileRef = 6006FD0A27A5BF0200F14C97 /* PhotoInfoViewController.swift */; };
		6006FD1127A5BF0200F14C97 /* PhotoInfoProtocols.swift in Sources */ = {isa = PBXBuildFile; fileRef = 6006FD0B27A5BF0200F14C97 /* PhotoInfoProtocols.swift */; };
		6006FD1227A5BF0200F14C97 /* PhotoInfoInteractor.swift in Sources */ = {isa = PBXBuildFile; fileRef = 6006FD0C27A5BF0200F14C97 /* PhotoInfoInteractor.swift */; };
		6006FD1327A5BF0200F14C97 /* PhotoInfoContainer.swift in Sources */ = {isa = PBXBuildFile; fileRef = 6006FD0D27A5BF0200F14C97 /* PhotoInfoContainer.swift */; };
		6006FD1527A5BF1F00F14C97 /* Coordinator.swift in Sources */ = {isa = PBXBuildFile; fileRef = 6006FD1427A5BF1F00F14C97 /* Coordinator.swift */; };
		6006FD1727A5BF6800F14C97 /* ReuseIdentifire.swift in Sources */ = {isa = PBXBuildFile; fileRef = 6006FD1627A5BF6800F14C97 /* ReuseIdentifire.swift */; };
		6006FD1927A5C9F500F14C97 /* UIView+Layout.swift in Sources */ = {isa = PBXBuildFile; fileRef = 6006FD1827A5C9F500F14C97 /* UIView+Layout.swift */; };
		6006FD1B27A5CD4800F14C97 /* Constants.swift in Sources */ = {isa = PBXBuildFile; fileRef = 6006FD1A27A5CD4800F14C97 /* Constants.swift */; };
		6006FD1E27A5CFEC00F14C97 /* PhotoCell.swift in Sources */ = {isa = PBXBuildFile; fileRef = 6006FD1D27A5CFEC00F14C97 /* PhotoCell.swift */; };
		606140E727A5D7290011E4D9 /* FavoritePhotoCell.swift in Sources */ = {isa = PBXBuildFile; fileRef = 606140E627A5D7290011E4D9 /* FavoritePhotoCell.swift */; };
		6088B72A27AAC72900DE14AE /* PhotoWithStatistics.swift in Sources */ = {isa = PBXBuildFile; fileRef = 6088B72927AAC72900DE14AE /* PhotoWithStatistics.swift */; };
		6088B72C27AB13FB00DE14AE /* LikeProtocol.swift in Sources */ = {isa = PBXBuildFile; fileRef = 6088B72B27AB13FB00DE14AE /* LikeProtocol.swift */; };
		60B840C627A6619500386461 /* NetworkService.swift in Sources */ = {isa = PBXBuildFile; fileRef = 60B840C527A6619500386461 /* NetworkService.swift */; };
		60B840C927A6620000386461 /* Photo.swift in Sources */ = {isa = PBXBuildFile; fileRef = 60B840C827A6620000386461 /* Photo.swift */; };
		60B840CB27A6810300386461 /* PhotoViewModel.swift in Sources */ = {isa = PBXBuildFile; fileRef = 60B840CA27A6810300386461 /* PhotoViewModel.swift */; };
		60B840CD27A685EB00386461 /* KingFisherService.swift in Sources */ = {isa = PBXBuildFile; fileRef = 60B840CC27A685EB00386461 /* KingFisherService.swift */; };
		60B840CF27A69C7C00386461 /* SearchResults.swift in Sources */ = {isa = PBXBuildFile; fileRef = 60B840CE27A69C7C00386461 /* SearchResults.swift */; };
		60B840D127A6B43400386461 /* PhotoStatistics.swift in Sources */ = {isa = PBXBuildFile; fileRef = 60B840D027A6B43400386461 /* PhotoStatistics.swift */; };
		60B840D327A6BE1900386461 /* PhotoInfoViewModel.swift in Sources */ = {isa = PBXBuildFile; fileRef = 60B840D227A6BE1900386461 /* PhotoInfoViewModel.swift */; };
		60B840D527A6F6AA00386461 /* UIActivitiIndicatorView + setup.swift in Sources */ = {isa = PBXBuildFile; fileRef = 60B840D427A6F6AA00386461 /* UIActivitiIndicatorView + setup.swift */; };
		C673748ADC3B95D6EA98A560 /* Pods_WhiteAndFluffy.framework in Frameworks */ = {isa = PBXBuildFile; fileRef = F5449ABD841CF5A37FA6DB9E /* Pods_WhiteAndFluffy.framework */; };
/* End PBXBuildFile section */

/* Begin PBXFileReference section */
		6006FCD527A5BDFD00F14C97 /* WhiteAndFluffy.app */ = {isa = PBXFileReference; explicitFileType = wrapper.application; includeInIndex = 0; path = WhiteAndFluffy.app; sourceTree = BUILT_PRODUCTS_DIR; };
		6006FCD827A5BDFD00F14C97 /* AppDelegate.swift */ = {isa = PBXFileReference; lastKnownFileType = sourcecode.swift; path = AppDelegate.swift; sourceTree = "<group>"; };
		6006FCDA27A5BDFD00F14C97 /* SceneDelegate.swift */ = {isa = PBXFileReference; lastKnownFileType = sourcecode.swift; path = SceneDelegate.swift; sourceTree = "<group>"; };
		6006FCDF27A5BDFD00F14C97 /* Base */ = {isa = PBXFileReference; lastKnownFileType = file.storyboard; name = Base; path = Base.lproj/Main.storyboard; sourceTree = "<group>"; };
		6006FCE127A5BDFF00F14C97 /* Assets.xcassets */ = {isa = PBXFileReference; lastKnownFileType = folder.assetcatalog; path = Assets.xcassets; sourceTree = "<group>"; };
		6006FCE427A5BDFF00F14C97 /* Base */ = {isa = PBXFileReference; lastKnownFileType = file.storyboard; name = Base; path = Base.lproj/LaunchScreen.storyboard; sourceTree = "<group>"; };
		6006FCE627A5BDFF00F14C97 /* Info.plist */ = {isa = PBXFileReference; lastKnownFileType = text.plist.xml; path = Info.plist; sourceTree = "<group>"; };
		6006FCEF27A5BECE00F14C97 /* FavoritesPresenter.swift */ = {isa = PBXFileReference; lastKnownFileType = sourcecode.swift; path = FavoritesPresenter.swift; sourceTree = "<group>"; };
		6006FCF027A5BECE00F14C97 /* FavoritesRouter.swift */ = {isa = PBXFileReference; lastKnownFileType = sourcecode.swift; path = FavoritesRouter.swift; sourceTree = "<group>"; };
		6006FCF127A5BECE00F14C97 /* FavoritesViewController.swift */ = {isa = PBXFileReference; lastKnownFileType = sourcecode.swift; path = FavoritesViewController.swift; sourceTree = "<group>"; };
		6006FCF227A5BECE00F14C97 /* FavoritesProtocols.swift */ = {isa = PBXFileReference; lastKnownFileType = sourcecode.swift; path = FavoritesProtocols.swift; sourceTree = "<group>"; };
		6006FCF327A5BECE00F14C97 /* FavoritesInteractor.swift */ = {isa = PBXFileReference; lastKnownFileType = sourcecode.swift; path = FavoritesInteractor.swift; sourceTree = "<group>"; };
		6006FCF427A5BECE00F14C97 /* FavoritesContainer.swift */ = {isa = PBXFileReference; lastKnownFileType = sourcecode.swift; path = FavoritesContainer.swift; sourceTree = "<group>"; };
		6006FCFB27A5BEDB00F14C97 /* PhotosPresenter.swift */ = {isa = PBXFileReference; lastKnownFileType = sourcecode.swift; path = PhotosPresenter.swift; sourceTree = "<group>"; };
		6006FCFC27A5BEDB00F14C97 /* PhotosRouter.swift */ = {isa = PBXFileReference; lastKnownFileType = sourcecode.swift; path = PhotosRouter.swift; sourceTree = "<group>"; };
		6006FCFD27A5BEDB00F14C97 /* PhotosViewController.swift */ = {isa = PBXFileReference; lastKnownFileType = sourcecode.swift; path = PhotosViewController.swift; sourceTree = "<group>"; };
		6006FCFE27A5BEDB00F14C97 /* PhotosProtocols.swift */ = {isa = PBXFileReference; lastKnownFileType = sourcecode.swift; path = PhotosProtocols.swift; sourceTree = "<group>"; };
		6006FCFF27A5BEDB00F14C97 /* PhotosInteractor.swift */ = {isa = PBXFileReference; lastKnownFileType = sourcecode.swift; path = PhotosInteractor.swift; sourceTree = "<group>"; };
		6006FD0027A5BEDB00F14C97 /* PhotosContainer.swift */ = {isa = PBXFileReference; lastKnownFileType = sourcecode.swift; path = PhotosContainer.swift; sourceTree = "<group>"; };
		6006FD0827A5BF0200F14C97 /* PhotoInfoPresenter.swift */ = {isa = PBXFileReference; lastKnownFileType = sourcecode.swift; path = PhotoInfoPresenter.swift; sourceTree = "<group>"; };
		6006FD0927A5BF0200F14C97 /* PhotoInfoRouter.swift */ = {isa = PBXFileReference; lastKnownFileType = sourcecode.swift; path = PhotoInfoRouter.swift; sourceTree = "<group>"; };
		6006FD0A27A5BF0200F14C97 /* PhotoInfoViewController.swift */ = {isa = PBXFileReference; lastKnownFileType = sourcecode.swift; path = PhotoInfoViewController.swift; sourceTree = "<group>"; };
		6006FD0B27A5BF0200F14C97 /* PhotoInfoProtocols.swift */ = {isa = PBXFileReference; lastKnownFileType = sourcecode.swift; path = PhotoInfoProtocols.swift; sourceTree = "<group>"; };
		6006FD0C27A5BF0200F14C97 /* PhotoInfoInteractor.swift */ = {isa = PBXFileReference; lastKnownFileType = sourcecode.swift; path = PhotoInfoInteractor.swift; sourceTree = "<group>"; };
		6006FD0D27A5BF0200F14C97 /* PhotoInfoContainer.swift */ = {isa = PBXFileReference; lastKnownFileType = sourcecode.swift; path = PhotoInfoContainer.swift; sourceTree = "<group>"; };
		6006FD1427A5BF1F00F14C97 /* Coordinator.swift */ = {isa = PBXFileReference; lastKnownFileType = sourcecode.swift; path = Coordinator.swift; sourceTree = "<group>"; };
		6006FD1627A5BF6800F14C97 /* ReuseIdentifire.swift */ = {isa = PBXFileReference; lastKnownFileType = sourcecode.swift; path = ReuseIdentifire.swift; sourceTree = "<group>"; };
		6006FD1827A5C9F500F14C97 /* UIView+Layout.swift */ = {isa = PBXFileReference; lastKnownFileType = sourcecode.swift; path = "UIView+Layout.swift"; sourceTree = "<group>"; };
		6006FD1A27A5CD4800F14C97 /* Constants.swift */ = {isa = PBXFileReference; lastKnownFileType = sourcecode.swift; path = Constants.swift; sourceTree = "<group>"; };
		6006FD1D27A5CFEC00F14C97 /* PhotoCell.swift */ = {isa = PBXFileReference; lastKnownFileType = sourcecode.swift; path = PhotoCell.swift; sourceTree = "<group>"; };
		606140E627A5D7290011E4D9 /* FavoritePhotoCell.swift */ = {isa = PBXFileReference; lastKnownFileType = sourcecode.swift; path = FavoritePhotoCell.swift; sourceTree = "<group>"; };
		6088B72927AAC72900DE14AE /* PhotoWithStatistics.swift */ = {isa = PBXFileReference; lastKnownFileType = sourcecode.swift; path = PhotoWithStatistics.swift; sourceTree = "<group>"; };
		6088B72B27AB13FB00DE14AE /* LikeProtocol.swift */ = {isa = PBXFileReference; lastKnownFileType = sourcecode.swift; path = LikeProtocol.swift; sourceTree = "<group>"; };
		60B840C527A6619500386461 /* NetworkService.swift */ = {isa = PBXFileReference; lastKnownFileType = sourcecode.swift; path = NetworkService.swift; sourceTree = "<group>"; };
		60B840C827A6620000386461 /* Photo.swift */ = {isa = PBXFileReference; lastKnownFileType = sourcecode.swift; path = Photo.swift; sourceTree = "<group>"; };
		60B840CA27A6810300386461 /* PhotoViewModel.swift */ = {isa = PBXFileReference; lastKnownFileType = sourcecode.swift; path = PhotoViewModel.swift; sourceTree = "<group>"; };
		60B840CC27A685EB00386461 /* KingFisherService.swift */ = {isa = PBXFileReference; lastKnownFileType = sourcecode.swift; path = KingFisherService.swift; sourceTree = "<group>"; };
		60B840CE27A69C7C00386461 /* SearchResults.swift */ = {isa = PBXFileReference; lastKnownFileType = sourcecode.swift; path = SearchResults.swift; sourceTree = "<group>"; };
		60B840D027A6B43400386461 /* PhotoStatistics.swift */ = {isa = PBXFileReference; lastKnownFileType = sourcecode.swift; path = PhotoStatistics.swift; sourceTree = "<group>"; };
		60B840D227A6BE1900386461 /* PhotoInfoViewModel.swift */ = {isa = PBXFileReference; lastKnownFileType = sourcecode.swift; path = PhotoInfoViewModel.swift; sourceTree = "<group>"; };
		60B840D427A6F6AA00386461 /* UIActivitiIndicatorView + setup.swift */ = {isa = PBXFileReference; lastKnownFileType = sourcecode.swift; path = "UIActivitiIndicatorView + setup.swift"; sourceTree = "<group>"; };
		70DA385FA77B9E798B03E80C /* Pods-WhiteAndFluffy.release.xcconfig */ = {isa = PBXFileReference; includeInIndex = 1; lastKnownFileType = text.xcconfig; name = "Pods-WhiteAndFluffy.release.xcconfig"; path = "Target Support Files/Pods-WhiteAndFluffy/Pods-WhiteAndFluffy.release.xcconfig"; sourceTree = "<group>"; };
		F1C75DA39A6FE6A131C47B70 /* Pods-WhiteAndFluffy.debug.xcconfig */ = {isa = PBXFileReference; includeInIndex = 1; lastKnownFileType = text.xcconfig; name = "Pods-WhiteAndFluffy.debug.xcconfig"; path = "Target Support Files/Pods-WhiteAndFluffy/Pods-WhiteAndFluffy.debug.xcconfig"; sourceTree = "<group>"; };
		F5449ABD841CF5A37FA6DB9E /* Pods_WhiteAndFluffy.framework */ = {isa = PBXFileReference; explicitFileType = wrapper.framework; includeInIndex = 0; path = Pods_WhiteAndFluffy.framework; sourceTree = BUILT_PRODUCTS_DIR; };
/* End PBXFileReference section */

/* Begin PBXFrameworksBuildPhase section */
		6006FCD227A5BDFD00F14C97 /* Frameworks */ = {
			isa = PBXFrameworksBuildPhase;
			buildActionMask = 2147483647;
			files = (
				C673748ADC3B95D6EA98A560 /* Pods_WhiteAndFluffy.framework in Frameworks */,
			);
			runOnlyForDeploymentPostprocessing = 0;
		};
/* End PBXFrameworksBuildPhase section */

/* Begin PBXGroup section */
		2CDE54ACBF01F615C7534681 /* Pods */ = {
			isa = PBXGroup;
			children = (
				F1C75DA39A6FE6A131C47B70 /* Pods-WhiteAndFluffy.debug.xcconfig */,
				70DA385FA77B9E798B03E80C /* Pods-WhiteAndFluffy.release.xcconfig */,
			);
			path = Pods;
			sourceTree = "<group>";
		};
		6006FCCC27A5BDFD00F14C97 = {
			isa = PBXGroup;
			children = (
				6006FCD727A5BDFD00F14C97 /* WhiteAndFluffy */,
				6006FCD627A5BDFD00F14C97 /* Products */,
				2CDE54ACBF01F615C7534681 /* Pods */,
				E432D099AA2623FA93B0983A /* Frameworks */,
			);
			sourceTree = "<group>";
		};
		6006FCD627A5BDFD00F14C97 /* Products */ = {
			isa = PBXGroup;
			children = (
				6006FCD527A5BDFD00F14C97 /* WhiteAndFluffy.app */,
			);
			name = Products;
			sourceTree = "<group>";
		};
		6006FCD727A5BDFD00F14C97 /* WhiteAndFluffy */ = {
			isa = PBXGroup;
			children = (
				60B840C727A661E700386461 /* Entities */,
				6006FCE627A5BDFF00F14C97 /* Info.plist */,
				6006FCEC27A5BE3F00F14C97 /* Application */,
				6006FD0727A5BEE600F14C97 /* PhotoInfo */,
				6006FCEE27A5BE9C00F14C97 /* Favorites */,
				6006FCED27A5BE7F00F14C97 /* Photos */,
			);
			path = WhiteAndFluffy;
			sourceTree = "<group>";
		};
		6006FCEC27A5BE3F00F14C97 /* Application */ = {
			isa = PBXGroup;
			children = (
				6006FCD827A5BDFD00F14C97 /* AppDelegate.swift */,
				6006FCDA27A5BDFD00F14C97 /* SceneDelegate.swift */,
				6006FCDE27A5BDFD00F14C97 /* Main.storyboard */,
				6006FCE127A5BDFF00F14C97 /* Assets.xcassets */,
				6006FCE327A5BDFF00F14C97 /* LaunchScreen.storyboard */,
				6006FD1427A5BF1F00F14C97 /* Coordinator.swift */,
				6006FD1627A5BF6800F14C97 /* ReuseIdentifire.swift */,
				6006FD1827A5C9F500F14C97 /* UIView+Layout.swift */,
				6006FD1A27A5CD4800F14C97 /* Constants.swift */,
				60B840C527A6619500386461 /* NetworkService.swift */,
				60B840CC27A685EB00386461 /* KingFisherService.swift */,
				60B840D427A6F6AA00386461 /* UIActivitiIndicatorView + setup.swift */,
				6088B72B27AB13FB00DE14AE /* LikeProtocol.swift */,
			);
			path = Application;
			sourceTree = "<group>";
		};
		6006FCED27A5BE7F00F14C97 /* Photos */ = {
			isa = PBXGroup;
			children = (
				6006FCFB27A5BEDB00F14C97 /* PhotosPresenter.swift */,
				6006FCFC27A5BEDB00F14C97 /* PhotosRouter.swift */,
				6006FCFD27A5BEDB00F14C97 /* PhotosViewController.swift */,
				6006FCFE27A5BEDB00F14C97 /* PhotosProtocols.swift */,
				6006FCFF27A5BEDB00F14C97 /* PhotosInteractor.swift */,
				6006FD0027A5BEDB00F14C97 /* PhotosContainer.swift */,
				6006FD1D27A5CFEC00F14C97 /* PhotoCell.swift */,
				60B840CA27A6810300386461 /* PhotoViewModel.swift */,
			);
			path = Photos;
			sourceTree = "<group>";
		};
		6006FCEE27A5BE9C00F14C97 /* Favorites */ = {
			isa = PBXGroup;
			children = (
				6006FCEF27A5BECE00F14C97 /* FavoritesPresenter.swift */,
				6006FCF027A5BECE00F14C97 /* FavoritesRouter.swift */,
				6006FCF127A5BECE00F14C97 /* FavoritesViewController.swift */,
				6006FCF227A5BECE00F14C97 /* FavoritesProtocols.swift */,
				6006FCF327A5BECE00F14C97 /* FavoritesInteractor.swift */,
				6006FCF427A5BECE00F14C97 /* FavoritesContainer.swift */,
				606140E627A5D7290011E4D9 /* FavoritePhotoCell.swift */,
			);
			path = Favorites;
			sourceTree = "<group>";
		};
		6006FD0727A5BEE600F14C97 /* PhotoInfo */ = {
			isa = PBXGroup;
			children = (
				6006FD0827A5BF0200F14C97 /* PhotoInfoPresenter.swift */,
				6006FD0927A5BF0200F14C97 /* PhotoInfoRouter.swift */,
				6006FD0A27A5BF0200F14C97 /* PhotoInfoViewController.swift */,
				6006FD0B27A5BF0200F14C97 /* PhotoInfoProtocols.swift */,
				6006FD0C27A5BF0200F14C97 /* PhotoInfoInteractor.swift */,
				6006FD0D27A5BF0200F14C97 /* PhotoInfoContainer.swift */,
				60B840D227A6BE1900386461 /* PhotoInfoViewModel.swift */,
			);
			path = PhotoInfo;
			sourceTree = "<group>";
		};
		60B840C727A661E700386461 /* Entities */ = {
			isa = PBXGroup;
			children = (
				60B840C827A6620000386461 /* Photo.swift */,
				60B840CE27A69C7C00386461 /* SearchResults.swift */,
				60B840D027A6B43400386461 /* PhotoStatistics.swift */,
				6088B72927AAC72900DE14AE /* PhotoWithStatistics.swift */,
			);
			path = Entities;
			sourceTree = "<group>";
		};
		E432D099AA2623FA93B0983A /* Frameworks */ = {
			isa = PBXGroup;
			children = (
				F5449ABD841CF5A37FA6DB9E /* Pods_WhiteAndFluffy.framework */,
			);
			name = Frameworks;
			sourceTree = "<group>";
		};
/* End PBXGroup section */

/* Begin PBXNativeTarget section */
		6006FCD427A5BDFD00F14C97 /* WhiteAndFluffy */ = {
			isa = PBXNativeTarget;
			buildConfigurationList = 6006FCE927A5BDFF00F14C97 /* Build configuration list for PBXNativeTarget "WhiteAndFluffy" */;
			buildPhases = (
				19796C53C9738FA88ED3BE73 /* [CP] Check Pods Manifest.lock */,
				6006FCD127A5BDFD00F14C97 /* Sources */,
				6006FCD227A5BDFD00F14C97 /* Frameworks */,
				6006FCD327A5BDFD00F14C97 /* Resources */,
				1E7470B74AA67A741F7AB329 /* [CP] Embed Pods Frameworks */,
			);
			buildRules = (
			);
			dependencies = (
			);
			name = WhiteAndFluffy;
			productName = WhiteAndFluffy;
			productReference = 6006FCD527A5BDFD00F14C97 /* WhiteAndFluffy.app */;
			productType = "com.apple.product-type.application";
		};
/* End PBXNativeTarget section */

/* Begin PBXProject section */
		6006FCCD27A5BDFD00F14C97 /* Project object */ = {
			isa = PBXProject;
			attributes = {
				BuildIndependentTargetsInParallel = 1;
				LastSwiftUpdateCheck = 1300;
				LastUpgradeCheck = 1300;
				TargetAttributes = {
					6006FCD427A5BDFD00F14C97 = {
						CreatedOnToolsVersion = 13.0;
					};
				};
			};
			buildConfigurationList = 6006FCD027A5BDFD00F14C97 /* Build configuration list for PBXProject "WhiteAndFluffy" */;
			compatibilityVersion = "Xcode 13.0";
			developmentRegion = en;
			hasScannedForEncodings = 0;
			knownRegions = (
				en,
				Base,
			);
			mainGroup = 6006FCCC27A5BDFD00F14C97;
			productRefGroup = 6006FCD627A5BDFD00F14C97 /* Products */;
			projectDirPath = "";
			projectRoot = "";
			targets = (
				6006FCD427A5BDFD00F14C97 /* WhiteAndFluffy */,
			);
		};
/* End PBXProject section */

/* Begin PBXResourcesBuildPhase section */
		6006FCD327A5BDFD00F14C97 /* Resources */ = {
			isa = PBXResourcesBuildPhase;
			buildActionMask = 2147483647;
			files = (
				6006FCE527A5BDFF00F14C97 /* LaunchScreen.storyboard in Resources */,
				6006FCE227A5BDFF00F14C97 /* Assets.xcassets in Resources */,
				6006FCE027A5BDFD00F14C97 /* Main.storyboard in Resources */,
			);
			runOnlyForDeploymentPostprocessing = 0;
		};
/* End PBXResourcesBuildPhase section */

/* Begin PBXShellScriptBuildPhase section */
		19796C53C9738FA88ED3BE73 /* [CP] Check Pods Manifest.lock */ = {
			isa = PBXShellScriptBuildPhase;
			buildActionMask = 2147483647;
			files = (
			);
			inputFileListPaths = (
			);
			inputPaths = (
				"${PODS_PODFILE_DIR_PATH}/Podfile.lock",
				"${PODS_ROOT}/Manifest.lock",
			);
			name = "[CP] Check Pods Manifest.lock";
			outputFileListPaths = (
			);
			outputPaths = (
				"$(DERIVED_FILE_DIR)/Pods-WhiteAndFluffy-checkManifestLockResult.txt",
			);
			runOnlyForDeploymentPostprocessing = 0;
			shellPath = /bin/sh;
			shellScript = "diff \"${PODS_PODFILE_DIR_PATH}/Podfile.lock\" \"${PODS_ROOT}/Manifest.lock\" > /dev/null\nif [ $? != 0 ] ; then\n    # print error to STDERR\n    echo \"error: The sandbox is not in sync with the Podfile.lock. Run 'pod install' or update your CocoaPods installation.\" >&2\n    exit 1\nfi\n# This output is used by Xcode 'outputs' to avoid re-running this script phase.\necho \"SUCCESS\" > \"${SCRIPT_OUTPUT_FILE_0}\"\n";
			showEnvVarsInLog = 0;
		};
		1E7470B74AA67A741F7AB329 /* [CP] Embed Pods Frameworks */ = {
			isa = PBXShellScriptBuildPhase;
			buildActionMask = 2147483647;
			files = (
			);
			inputFileListPaths = (
				"${PODS_ROOT}/Target Support Files/Pods-WhiteAndFluffy/Pods-WhiteAndFluffy-frameworks-${CONFIGURATION}-input-files.xcfilelist",
			);
			name = "[CP] Embed Pods Frameworks";
			outputFileListPaths = (
				"${PODS_ROOT}/Target Support Files/Pods-WhiteAndFluffy/Pods-WhiteAndFluffy-frameworks-${CONFIGURATION}-output-files.xcfilelist",
			);
			runOnlyForDeploymentPostprocessing = 0;
			shellPath = /bin/sh;
			shellScript = "\"${PODS_ROOT}/Target Support Files/Pods-WhiteAndFluffy/Pods-WhiteAndFluffy-frameworks.sh\"\n";
			showEnvVarsInLog = 0;
		};
/* End PBXShellScriptBuildPhase section */

/* Begin PBXSourcesBuildPhase section */
		6006FCD127A5BDFD00F14C97 /* Sources */ = {
			isa = PBXSourcesBuildPhase;
			buildActionMask = 2147483647;
			files = (
				6006FCF627A5BECE00F14C97 /* FavoritesRouter.swift in Sources */,
				6006FD1E27A5CFEC00F14C97 /* PhotoCell.swift in Sources */,
				6006FD0327A5BEDB00F14C97 /* PhotosViewController.swift in Sources */,
				6006FCFA27A5BECE00F14C97 /* FavoritesContainer.swift in Sources */,
				6006FCD927A5BDFD00F14C97 /* AppDelegate.swift in Sources */,
				60B840D127A6B43400386461 /* PhotoStatistics.swift in Sources */,
				6006FD1227A5BF0200F14C97 /* PhotoInfoInteractor.swift in Sources */,
				6006FD1727A5BF6800F14C97 /* ReuseIdentifire.swift in Sources */,
				6006FCF927A5BECE00F14C97 /* FavoritesInteractor.swift in Sources */,
				6088B72A27AAC72900DE14AE /* PhotoWithStatistics.swift in Sources */,
				6006FCDB27A5BDFD00F14C97 /* SceneDelegate.swift in Sources */,
				6006FD0127A5BEDB00F14C97 /* PhotosPresenter.swift in Sources */,
				60B840CB27A6810300386461 /* PhotoViewModel.swift in Sources */,
				6006FD0F27A5BF0200F14C97 /* PhotoInfoRouter.swift in Sources */,
				6006FCF727A5BECE00F14C97 /* FavoritesViewController.swift in Sources */,
				60B840CD27A685EB00386461 /* KingFisherService.swift in Sources */,
				6006FD0227A5BEDB00F14C97 /* PhotosRouter.swift in Sources */,
				60B840C627A6619500386461 /* NetworkService.swift in Sources */,
				6006FD1927A5C9F500F14C97 /* UIView+Layout.swift in Sources */,
				6006FD1127A5BF0200F14C97 /* PhotoInfoProtocols.swift in Sources */,
				6006FCF527A5BECE00F14C97 /* FavoritesPresenter.swift in Sources */,
				606140E727A5D7290011E4D9 /* FavoritePhotoCell.swift in Sources */,
				6006FD0E27A5BF0200F14C97 /* PhotoInfoPresenter.swift in Sources */,
				6006FD0627A5BEDB00F14C97 /* PhotosContainer.swift in Sources */,
				6088B72C27AB13FB00DE14AE /* LikeProtocol.swift in Sources */,
				60B840D527A6F6AA00386461 /* UIActivitiIndicatorView + setup.swift in Sources */,
				60B840C927A6620000386461 /* Photo.swift in Sources */,
				6006FD0527A5BEDB00F14C97 /* PhotosInteractor.swift in Sources */,
				6006FD1327A5BF0200F14C97 /* PhotoInfoContainer.swift in Sources */,
				6006FD0427A5BEDB00F14C97 /* PhotosProtocols.swift in Sources */,
				6006FCF827A5BECE00F14C97 /* FavoritesProtocols.swift in Sources */,
				6006FD1027A5BF0200F14C97 /* PhotoInfoViewController.swift in Sources */,
				60B840CF27A69C7C00386461 /* SearchResults.swift in Sources */,
				6006FD1527A5BF1F00F14C97 /* Coordinator.swift in Sources */,
				6006FD1B27A5CD4800F14C97 /* Constants.swift in Sources */,
				60B840D327A6BE1900386461 /* PhotoInfoViewModel.swift in Sources */,
			);
			runOnlyForDeploymentPostprocessing = 0;
		};
/* End PBXSourcesBuildPhase section */

/* Begin PBXVariantGroup section */
		6006FCDE27A5BDFD00F14C97 /* Main.storyboard */ = {
			isa = PBXVariantGroup;
			children = (
				6006FCDF27A5BDFD00F14C97 /* Base */,
			);
			name = Main.storyboard;
			sourceTree = "<group>";
		};
		6006FCE327A5BDFF00F14C97 /* LaunchScreen.storyboard */ = {
			isa = PBXVariantGroup;
			children = (
				6006FCE427A5BDFF00F14C97 /* Base */,
			);
			name = LaunchScreen.storyboard;
			sourceTree = "<group>";
		};
/* End PBXVariantGroup section */

/* Begin XCBuildConfiguration section */
		6006FCE727A5BDFF00F14C97 /* Debug */ = {
			isa = XCBuildConfiguration;
			buildSettings = {
				ALWAYS_SEARCH_USER_PATHS = NO;
				CLANG_ANALYZER_NONNULL = YES;
				CLANG_ANALYZER_NUMBER_OBJECT_CONVERSION = YES_AGGRESSIVE;
				CLANG_CXX_LANGUAGE_STANDARD = "gnu++17";
				CLANG_CXX_LIBRARY = "libc++";
				CLANG_ENABLE_MODULES = YES;
				CLANG_ENABLE_OBJC_ARC = YES;
				CLANG_ENABLE_OBJC_WEAK = YES;
				CLANG_WARN_BLOCK_CAPTURE_AUTORELEASING = YES;
				CLANG_WARN_BOOL_CONVERSION = YES;
				CLANG_WARN_COMMA = YES;
				CLANG_WARN_CONSTANT_CONVERSION = YES;
				CLANG_WARN_DEPRECATED_OBJC_IMPLEMENTATIONS = YES;
				CLANG_WARN_DIRECT_OBJC_ISA_USAGE = YES_ERROR;
				CLANG_WARN_DOCUMENTATION_COMMENTS = YES;
				CLANG_WARN_EMPTY_BODY = YES;
				CLANG_WARN_ENUM_CONVERSION = YES;
				CLANG_WARN_INFINITE_RECURSION = YES;
				CLANG_WARN_INT_CONVERSION = YES;
				CLANG_WARN_NON_LITERAL_NULL_CONVERSION = YES;
				CLANG_WARN_OBJC_IMPLICIT_RETAIN_SELF = YES;
				CLANG_WARN_OBJC_LITERAL_CONVERSION = YES;
				CLANG_WARN_OBJC_ROOT_CLASS = YES_ERROR;
				CLANG_WARN_QUOTED_INCLUDE_IN_FRAMEWORK_HEADER = YES;
				CLANG_WARN_RANGE_LOOP_ANALYSIS = YES;
				CLANG_WARN_STRICT_PROTOTYPES = YES;
				CLANG_WARN_SUSPICIOUS_MOVE = YES;
				CLANG_WARN_UNGUARDED_AVAILABILITY = YES_AGGRESSIVE;
				CLANG_WARN_UNREACHABLE_CODE = YES;
				CLANG_WARN__DUPLICATE_METHOD_MATCH = YES;
				COPY_PHASE_STRIP = NO;
				DEBUG_INFORMATION_FORMAT = dwarf;
				ENABLE_STRICT_OBJC_MSGSEND = YES;
				ENABLE_TESTABILITY = YES;
				GCC_C_LANGUAGE_STANDARD = gnu11;
				GCC_DYNAMIC_NO_PIC = NO;
				GCC_NO_COMMON_BLOCKS = YES;
				GCC_OPTIMIZATION_LEVEL = 0;
				GCC_PREPROCESSOR_DEFINITIONS = (
					"DEBUG=1",
					"$(inherited)",
				);
				GCC_WARN_64_TO_32_BIT_CONVERSION = YES;
				GCC_WARN_ABOUT_RETURN_TYPE = YES_ERROR;
				GCC_WARN_UNDECLARED_SELECTOR = YES;
				GCC_WARN_UNINITIALIZED_AUTOS = YES_AGGRESSIVE;
				GCC_WARN_UNUSED_FUNCTION = YES;
				GCC_WARN_UNUSED_VARIABLE = YES;
				IPHONEOS_DEPLOYMENT_TARGET = 15.0;
				MTL_ENABLE_DEBUG_INFO = INCLUDE_SOURCE;
				MTL_FAST_MATH = YES;
				ONLY_ACTIVE_ARCH = YES;
				SDKROOT = iphoneos;
				SWIFT_ACTIVE_COMPILATION_CONDITIONS = DEBUG;
				SWIFT_OPTIMIZATION_LEVEL = "-Onone";
			};
			name = Debug;
		};
		6006FCE827A5BDFF00F14C97 /* Release */ = {
			isa = XCBuildConfiguration;
			buildSettings = {
				ALWAYS_SEARCH_USER_PATHS = NO;
				CLANG_ANALYZER_NONNULL = YES;
				CLANG_ANALYZER_NUMBER_OBJECT_CONVERSION = YES_AGGRESSIVE;
				CLANG_CXX_LANGUAGE_STANDARD = "gnu++17";
				CLANG_CXX_LIBRARY = "libc++";
				CLANG_ENABLE_MODULES = YES;
				CLANG_ENABLE_OBJC_ARC = YES;
				CLANG_ENABLE_OBJC_WEAK = YES;
				CLANG_WARN_BLOCK_CAPTURE_AUTORELEASING = YES;
				CLANG_WARN_BOOL_CONVERSION = YES;
				CLANG_WARN_COMMA = YES;
				CLANG_WARN_CONSTANT_CONVERSION = YES;
				CLANG_WARN_DEPRECATED_OBJC_IMPLEMENTATIONS = YES;
				CLANG_WARN_DIRECT_OBJC_ISA_USAGE = YES_ERROR;
				CLANG_WARN_DOCUMENTATION_COMMENTS = YES;
				CLANG_WARN_EMPTY_BODY = YES;
				CLANG_WARN_ENUM_CONVERSION = YES;
				CLANG_WARN_INFINITE_RECURSION = YES;
				CLANG_WARN_INT_CONVERSION = YES;
				CLANG_WARN_NON_LITERAL_NULL_CONVERSION = YES;
				CLANG_WARN_OBJC_IMPLICIT_RETAIN_SELF = YES;
				CLANG_WARN_OBJC_LITERAL_CONVERSION = YES;
				CLANG_WARN_OBJC_ROOT_CLASS = YES_ERROR;
				CLANG_WARN_QUOTED_INCLUDE_IN_FRAMEWORK_HEADER = YES;
				CLANG_WARN_RANGE_LOOP_ANALYSIS = YES;
				CLANG_WARN_STRICT_PROTOTYPES = YES;
				CLANG_WARN_SUSPICIOUS_MOVE = YES;
				CLANG_WARN_UNGUARDED_AVAILABILITY = YES_AGGRESSIVE;
				CLANG_WARN_UNREACHABLE_CODE = YES;
				CLANG_WARN__DUPLICATE_METHOD_MATCH = YES;
				COPY_PHASE_STRIP = NO;
				DEBUG_INFORMATION_FORMAT = "dwarf-with-dsym";
				ENABLE_NS_ASSERTIONS = NO;
				ENABLE_STRICT_OBJC_MSGSEND = YES;
				GCC_C_LANGUAGE_STANDARD = gnu11;
				GCC_NO_COMMON_BLOCKS = YES;
				GCC_WARN_64_TO_32_BIT_CONVERSION = YES;
				GCC_WARN_ABOUT_RETURN_TYPE = YES_ERROR;
				GCC_WARN_UNDECLARED_SELECTOR = YES;
				GCC_WARN_UNINITIALIZED_AUTOS = YES_AGGRESSIVE;
				GCC_WARN_UNUSED_FUNCTION = YES;
				GCC_WARN_UNUSED_VARIABLE = YES;
				IPHONEOS_DEPLOYMENT_TARGET = 15.0;
				MTL_ENABLE_DEBUG_INFO = NO;
				MTL_FAST_MATH = YES;
				SDKROOT = iphoneos;
				SWIFT_COMPILATION_MODE = wholemodule;
				SWIFT_OPTIMIZATION_LEVEL = "-O";
				VALIDATE_PRODUCT = YES;
			};
			name = Release;
		};
		6006FCEA27A5BDFF00F14C97 /* Debug */ = {
			isa = XCBuildConfiguration;
			baseConfigurationReference = F1C75DA39A6FE6A131C47B70 /* Pods-WhiteAndFluffy.debug.xcconfig */;
			buildSettings = {
				ASSETCATALOG_COMPILER_APPICON_NAME = AppIcon;
				ASSETCATALOG_COMPILER_GLOBAL_ACCENT_COLOR_NAME = AccentColor;
				CODE_SIGN_STYLE = Automatic;
				CURRENT_PROJECT_VERSION = 1;
				DEVELOPMENT_TEAM = PLUM5QCSG5;
				GENERATE_INFOPLIST_FILE = YES;
				INFOPLIST_FILE = WhiteAndFluffy/Info.plist;
				INFOPLIST_KEY_UIApplicationSupportsIndirectInputEvents = YES;
				INFOPLIST_KEY_UILaunchStoryboardName = LaunchScreen;
				INFOPLIST_KEY_UIMainStoryboardFile = Main;
				INFOPLIST_KEY_UISupportedInterfaceOrientations_iPad = "UIInterfaceOrientationPortrait UIInterfaceOrientationPortraitUpsideDown UIInterfaceOrientationLandscapeLeft UIInterfaceOrientationLandscapeRight";
				INFOPLIST_KEY_UISupportedInterfaceOrientations_iPhone = "UIInterfaceOrientationPortrait UIInterfaceOrientationLandscapeLeft UIInterfaceOrientationLandscapeRight";
				LD_RUNPATH_SEARCH_PATHS = (
					"$(inherited)",
					"@executable_path/Frameworks",
				);
				MARKETING_VERSION = 1.0;
				PRODUCT_BUNDLE_IDENTIFIER = Grandschtien.WhiteAndFluffy;
				PRODUCT_NAME = "$(TARGET_NAME)";
				SWIFT_EMIT_LOC_STRINGS = YES;
				SWIFT_VERSION = 5.0;
				TARGETED_DEVICE_FAMILY = "1,2";
			};
			name = Debug;
		};
		6006FCEB27A5BDFF00F14C97 /* Release */ = {
			isa = XCBuildConfiguration;
			baseConfigurationReference = 70DA385FA77B9E798B03E80C /* Pods-WhiteAndFluffy.release.xcconfig */;
			buildSettings = {
				ASSETCATALOG_COMPILER_APPICON_NAME = AppIcon;
				ASSETCATALOG_COMPILER_GLOBAL_ACCENT_COLOR_NAME = AccentColor;
				CODE_SIGN_STYLE = Automatic;
				CURRENT_PROJECT_VERSION = 1;
				DEVELOPMENT_TEAM = PLUM5QCSG5;
				GENERATE_INFOPLIST_FILE = YES;
				INFOPLIST_FILE = WhiteAndFluffy/Info.plist;
				INFOPLIST_KEY_UIApplicationSupportsIndirectInputEvents = YES;
				INFOPLIST_KEY_UILaunchStoryboardName = LaunchScreen;
				INFOPLIST_KEY_UIMainStoryboardFile = Main;
				INFOPLIST_KEY_UISupportedInterfaceOrientations_iPad = "UIInterfaceOrientationPortrait UIInterfaceOrientationPortraitUpsideDown UIInterfaceOrientationLandscapeLeft UIInterfaceOrientationLandscapeRight";
				INFOPLIST_KEY_UISupportedInterfaceOrientations_iPhone = "UIInterfaceOrientationPortrait UIInterfaceOrientationLandscapeLeft UIInterfaceOrientationLandscapeRight";
				LD_RUNPATH_SEARCH_PATHS = (
					"$(inherited)",
					"@executable_path/Frameworks",
				);
				MARKETING_VERSION = 1.0;
				PRODUCT_BUNDLE_IDENTIFIER = Grandschtien.WhiteAndFluffy;
				PRODUCT_NAME = "$(TARGET_NAME)";
				SWIFT_EMIT_LOC_STRINGS = YES;
				SWIFT_VERSION = 5.0;
				TARGETED_DEVICE_FAMILY = "1,2";
			};
			name = Release;
		};
/* End XCBuildConfiguration section */

/* Begin XCConfigurationList section */
		6006FCD027A5BDFD00F14C97 /* Build configuration list for PBXProject "WhiteAndFluffy" */ = {
			isa = XCConfigurationList;
			buildConfigurations = (
				6006FCE727A5BDFF00F14C97 /* Debug */,
				6006FCE827A5BDFF00F14C97 /* Release */,
			);
			defaultConfigurationIsVisible = 0;
			defaultConfigurationName = Release;
		};
		6006FCE927A5BDFF00F14C97 /* Build configuration list for PBXNativeTarget "WhiteAndFluffy" */ = {
			isa = XCConfigurationList;
			buildConfigurations = (
				6006FCEA27A5BDFF00F14C97 /* Debug */,
				6006FCEB27A5BDFF00F14C97 /* Release */,
			);
			defaultConfigurationIsVisible = 0;
			defaultConfigurationName = Release;
		};
/* End XCConfigurationList section */
	};
	rootObject = 6006FCCD27A5BDFD00F14C97 /* Project object */;
}
